
Microsoft Visual Studio Solution File, Format Version 12.00
# Visual Studio Version 17
VisualStudioVersion = 17.1.32319.34
MinimumVisualStudioVersion = 10.0.40219.1
Project("{9A19103F-16F7-4668-BE54-9A1E7A4F7556}") = "Zebec", "Zebec\Zebec.csproj", "{AB3AB01B-CF91-403A-BC65-93EEFA1595BF}"
EndProject
Project("{9A19103F-16F7-4668-BE54-9A1E7A4F7556}") = "Zebec.Test", "Zebec.Test\Zebec.Test.csproj", "{83FCF134-AE95-46AB-AF5F-A8790DC8E753}"
EndProject
Project("{FAE04EC0-301F-11D3-BF4B-00C04F79EFBC}") = "ZebecConsole", "ZebecConsole\ZebecConsole.csproj", "{A74544EF-F858-4782-A992-2F6EE112EA75}"
EndProject
Global
	GlobalSection(SolutionConfigurationPlatforms) = preSolution
		Debug|Any CPU = Debug|Any CPU
		Release|Any CPU = Release|Any CPU
	EndGlobalSection
	GlobalSection(ProjectConfigurationPlatforms) = postSolution
		{AB3AB01B-CF91-403A-BC65-93EEFA1595BF}.Debug|Any CPU.ActiveCfg = Debug|Any CPU
		{AB3AB01B-CF91-403A-BC65-93EEFA1595BF}.Debug|Any CPU.Build.0 = Debug|Any CPU
		{AB3AB01B-CF91-403A-BC65-93EEFA1595BF}.Release|Any CPU.ActiveCfg = Release|Any CPU
		{AB3AB01B-CF91-403A-BC65-93EEFA1595BF}.Release|Any CPU.Build.0 = Release|Any CPU
		{83FCF134-AE95-46AB-AF5F-A8790DC8E753}.Debug|Any CPU.ActiveCfg = Debug|Any CPU
		{83FCF134-AE95-46AB-AF5F-A8790DC8E753}.Debug|Any CPU.Build.0 = Debug|Any CPU
		{83FCF134-AE95-46AB-AF5F-A8790DC8E753}.Release|Any CPU.ActiveCfg = Release|Any CPU
		{83FCF134-AE95-46AB-AF5F-A8790DC8E753}.Release|Any CPU.Build.0 = Release|Any CPU
		{A74544EF-F858-4782-A992-2F6EE112EA75}.Debug|Any CPU.ActiveCfg = Debug|Any CPU
		{A74544EF-F858-4782-A992-2F6EE112EA75}.Debug|Any CPU.Build.0 = Debug|Any CPU
		{A74544EF-F858-4782-A992-2F6EE112EA75}.Release|Any CPU.ActiveCfg = Release|Any CPU
		{A74544EF-F858-4782-A992-2F6EE112EA75}.Release|Any CPU.Build.0 = Release|Any CPU
	EndGlobalSection
	GlobalSection(SolutionProperties) = preSolution
		HideSolutionNode = FALSE
	EndGlobalSection
	GlobalSection(ExtensibilityGlobals) = postSolution
		SolutionGuid = {94CF2B6F-6DF1-4212-A298-5975D2FA5305}
	EndGlobalSection
EndGlobal
